
Microsoft Visual Studio Solution File, Format Version 12.00
# Visual Studio 2015
Project("{FAE04EC0-301F-11D3-BF4B-00C04F79EFBC}") = "JumpWaveGame.CSharp.Plugins", "JumpWaveGame.CSharp.Plugins.csproj", "{770BD086-73E8-B653-FF24-80DBDAD59FA4}"
EndProject
Project("{FAE04EC0-301F-11D3-BF4B-00C04F79EFBC}") = "JumpWaveGame.CSharp", "JumpWaveGame.CSharp.csproj", "{798DF0CF-E777-595C-557B-070924DD9AD5}"
EndProject
Project("{FAE04EC0-301F-11D3-BF4B-00C04F79EFBC}") = "JumpWaveGame.CSharp.Editor", "JumpWaveGame.CSharp.Editor.csproj", "{271CC13D-6380-354A-697B-117EBE8D7995}"
EndProject
Global
	GlobalSection(SolutionConfigurationPlatforms) = preSolution
		Debug|Any CPU = Debug|Any CPU
		Release|Any CPU = Release|Any CPU
	EndGlobalSection
	GlobalSection(ProjectConfigurationPlatforms) = postSolution
		{770BD086-73E8-B653-FF24-80DBDAD59FA4}.Debug|Any CPU.ActiveCfg = Debug|Any CPU
		{770BD086-73E8-B653-FF24-80DBDAD59FA4}.Debug|Any CPU.Build.0 = Debug|Any CPU
		{770BD086-73E8-B653-FF24-80DBDAD59FA4}.Release|Any CPU.ActiveCfg = Release|Any CPU
		{770BD086-73E8-B653-FF24-80DBDAD59FA4}.Release|Any CPU.Build.0 = Release|Any CPU
		{798DF0CF-E777-595C-557B-070924DD9AD5}.Debug|Any CPU.ActiveCfg = Debug|Any CPU
		{798DF0CF-E777-595C-557B-070924DD9AD5}.Debug|Any CPU.Build.0 = Debug|Any CPU
		{798DF0CF-E777-595C-557B-070924DD9AD5}.Release|Any CPU.ActiveCfg = Release|Any CPU
		{798DF0CF-E777-595C-557B-070924DD9AD5}.Release|Any CPU.Build.0 = Release|Any CPU
		{271CC13D-6380-354A-697B-117EBE8D7995}.Debug|Any CPU.ActiveCfg = Debug|Any CPU
		{271CC13D-6380-354A-697B-117EBE8D7995}.Debug|Any CPU.Build.0 = Debug|Any CPU
		{271CC13D-6380-354A-697B-117EBE8D7995}.Release|Any CPU.ActiveCfg = Release|Any CPU
		{271CC13D-6380-354A-697B-117EBE8D7995}.Release|Any CPU.Build.0 = Release|Any CPU
	EndGlobalSection
	GlobalSection(SolutionProperties) = preSolution
		HideSolutionNode = FALSE
	EndGlobalSection
EndGlobal
